
Microsoft Visual Studio Solution File, Format Version 12.00
# Visual Studio Version 17
VisualStudioVersion = 17.1.32210.238
MinimumVisualStudioVersion = 10.0.40219.1
Project("{9A19103F-16F7-4668-BE54-9A1E7A4F7556}") = "Modular.Architecture.Api", "Modular.Architecture.Api.csproj", "{A8AFCA1F-7DF4-403C-887B-4FD3C1816D74}"
EndProject
Project("{9A19103F-16F7-4668-BE54-9A1E7A4F7556}") = "Modular.Architecture.Data", "..\Modular.Architecture.Data\Modular.Architecture.Data.csproj", "{00E2012E-B729-45FE-9019-2C6ED00BFCD8}"
EndProject
Project("{9A19103F-16F7-4668-BE54-9A1E7A4F7556}") = "Modular.Architecture.Core", "..\Modular.Architeture.Core\Modular.Architecture.Core.csproj", "{82446BA1-6331-4F46-B783-152F16336C5C}"
EndProject
Global
	GlobalSection(SolutionConfigurationPlatforms) = preSolution
		Debug|Any CPU = Debug|Any CPU
		Release|Any CPU = Release|Any CPU
	EndGlobalSection
	GlobalSection(ProjectConfigurationPlatforms) = postSolution
		{A8AFCA1F-7DF4-403C-887B-4FD3C1816D74}.Debug|Any CPU.ActiveCfg = Debug|Any CPU
		{A8AFCA1F-7DF4-403C-887B-4FD3C1816D74}.Debug|Any CPU.Build.0 = Debug|Any CPU
		{A8AFCA1F-7DF4-403C-887B-4FD3C1816D74}.Release|Any CPU.ActiveCfg = Release|Any CPU
		{A8AFCA1F-7DF4-403C-887B-4FD3C1816D74}.Release|Any CPU.Build.0 = Release|Any CPU
		{00E2012E-B729-45FE-9019-2C6ED00BFCD8}.Debug|Any CPU.ActiveCfg = Debug|Any CPU
		{00E2012E-B729-45FE-9019-2C6ED00BFCD8}.Debug|Any CPU.Build.0 = Debug|Any CPU
		{00E2012E-B729-45FE-9019-2C6ED00BFCD8}.Release|Any CPU.ActiveCfg = Release|Any CPU
		{00E2012E-B729-45FE-9019-2C6ED00BFCD8}.Release|Any CPU.Build.0 = Release|Any CPU
		{82446BA1-6331-4F46-B783-152F16336C5C}.Debug|Any CPU.ActiveCfg = Debug|Any CPU
		{82446BA1-6331-4F46-B783-152F16336C5C}.Debug|Any CPU.Build.0 = Debug|Any CPU
		{82446BA1-6331-4F46-B783-152F16336C5C}.Release|Any CPU.ActiveCfg = Release|Any CPU
		{82446BA1-6331-4F46-B783-152F16336C5C}.Release|Any CPU.Build.0 = Release|Any CPU
	EndGlobalSection
	GlobalSection(SolutionProperties) = preSolution
		HideSolutionNode = FALSE
	EndGlobalSection
	GlobalSection(ExtensibilityGlobals) = postSolution
		SolutionGuid = {F8427B8F-D24B-4ADB-B7FD-86F8D2B6ACE7}
	EndGlobalSection
EndGlobal
